
Microsoft Visual Studio Solution File, Format Version 12.00
# Visual Studio 15
VisualStudioVersion = 15.0.28307.168
MinimumVisualStudioVersion = 10.0.40219.1
Project("{8BC9CEB8-8B4A-11D0-8D11-00A0C91BC942}") = "stockast", "stockast.vcxproj", "{FDE95EFC-FD7D-4C60-92DB-58573E7074FF}"
EndProject
Global
	GlobalSection(SolutionConfigurationPlatforms) = preSolution
		Debug|x64 = Debug|x64
		Debug|x86 = Debug|x86
		Release|x64 = Release|x64
		Release|x86 = Release|x86
	EndGlobalSection
	GlobalSection(ProjectConfigurationPlatforms) = postSolution
		{FDE95EFC-FD7D-4C60-92DB-58573E7074FF}.Debug|x64.ActiveCfg = Debug|x64
		{FDE95EFC-FD7D-4C60-92DB-58573E7074FF}.Debug|x64.Build.0 = Debug|x64
		{FDE95EFC-FD7D-4C60-92DB-58573E7074FF}.Debug|x86.ActiveCfg = Debug|Win32
		{FDE95EFC-FD7D-4C60-92DB-58573E7074FF}.Debug|x86.Build.0 = Debug|Win32
		{FDE95EFC-FD7D-4C60-92DB-58573E7074FF}.Release|x64.ActiveCfg = Release|x64
		{FDE95EFC-FD7D-4C60-92DB-58573E7074FF}.Release|x64.Build.0 = Release|x64
		{FDE95EFC-FD7D-4C60-92DB-58573E7074FF}.Release|x86.ActiveCfg = Release|Win32
		{FDE95EFC-FD7D-4C60-92DB-58573E7074FF}.Release|x86.Build.0 = Release|Win32
	EndGlobalSection
	GlobalSection(SolutionProperties) = preSolution
		HideSolutionNode = FALSE
	EndGlobalSection
	GlobalSection(ExtensibilityGlobals) = postSolution
		SolutionGuid = {041EBC52-6B5F-4A3A-91D4-88BF17625364}
	EndGlobalSection
EndGlobal
